
Microsoft Visual Studio Solution File, Format Version 12.00
# Visual Studio Version 17
VisualStudioVersion = 17.3.32929.385
MinimumVisualStudioVersion = 10.0.40219.1
Project("{FAE04EC0-301F-11D3-BF4B-00C04F79EFBC}") = "NlwServer.API", "NlwServer.API\NlwServer.API.csproj", "{597A4CA7-81D7-4A05-A345-1445862F1491}"
EndProject
Global
	GlobalSection(SolutionConfigurationPlatforms) = preSolution
		Debug|Any CPU = Debug|Any CPU
		Release|Any CPU = Release|Any CPU
	EndGlobalSection
	GlobalSection(ProjectConfigurationPlatforms) = postSolution
		{597A4CA7-81D7-4A05-A345-1445862F1491}.Debug|Any CPU.ActiveCfg = Debug|Any CPU
		{597A4CA7-81D7-4A05-A345-1445862F1491}.Debug|Any CPU.Build.0 = Debug|Any CPU
		{597A4CA7-81D7-4A05-A345-1445862F1491}.Release|Any CPU.ActiveCfg = Release|Any CPU
		{597A4CA7-81D7-4A05-A345-1445862F1491}.Release|Any CPU.Build.0 = Release|Any CPU
	EndGlobalSection
	GlobalSection(SolutionProperties) = preSolution
		HideSolutionNode = FALSE
	EndGlobalSection
	GlobalSection(ExtensibilityGlobals) = postSolution
		SolutionGuid = {0CD20EFB-7B04-44B1-8038-2033BACA8422}
	EndGlobalSection
EndGlobal
